{
    "name": "functionalfx",
    "version": "1.0.0",
    "lockfileVersion": 1,
    "requires": true,
    "dependencies": {
        "@babel/runtime-corejs3": {
            "version": "7.18.3",
            "resolved": "https://registry.npmjs.org/@babel/runtime-corejs3/-/runtime-corejs3-7.18.3.tgz",
            "integrity": "sha512-l4ddFwrc9rnR+EJsHsh+TJ4A35YqQz/UqcjtlX2ov53hlJYG5CxtQmNZxyajwDVmCxwy++rtvGU5HazCK4W41Q==",
            "requires": {
                "core-js-pure": "^3.20.2",
                "regenerator-runtime": "^0.13.4"
            }
        },
        "core-js-pure": {
            "version": "3.23.2",
            "resolved": "https://registry.npmjs.org/core-js-pure/-/core-js-pure-3.23.2.tgz",
            "integrity": "sha512-t6u7H4Ff/yZNk+zqTr74UjCcZ3k8ApBryeLLV4rYQd9aF3gqmjjGjjR44ENfeBMH8VVvSynIjAJ0mUuFhzQtrA=="
        },
        "fxjs": {
            "version": "0.21.3",
            "resolved": "https://registry.npmjs.org/fxjs/-/fxjs-0.21.3.tgz",
            "integrity": "sha512-8VubsQoPEm2bA+Q80Bh12cTWCnGpIi1T6e6Ot61ZfqbB3yoickB+//HJDpq+okdmu9gNQmnN7VpfRaT/aBdwXA==",
            "requires": {
                "@babel/runtime-corejs3": "^7.14.5"
            }
        },
        "regenerator-runtime": {
            "version": "0.13.9",
            "resolved": "https://registry.npmjs.org/regenerator-runtime/-/regenerator-runtime-0.13.9.tgz",
            "integrity": "sha512-p3VT+cOEgxFsRRA9X4lkI1E+k2/CtnKtU4gcxyaCUreilL/vqI6CdZ3wxVUx3UOUg+gnUOQQcRI7BmSI656MYA=="
        }
    }
}
